// !$*UTF8*$!
{
	archiveVersion = 1;
	classes = {
	};
	objectVersion = 56;
	objects = {

/* Begin PBXBuildFile section */
		FF8EA4812B921C5800DCC65E /* joppyApp.swift in Sources */ = {isa = PBXBuildFile; fileRef = FF8EA4802B921C5800DCC65E /* joppyApp.swift */; };
		FF8EA4832B921C5800DCC65E /* ContentView.swift in Sources */ = {isa = PBXBuildFile; fileRef = FF8EA4822B921C5800DCC65E /* ContentView.swift */; };
		FF8EA4852B921C5A00DCC65E /* Assets.xcassets in Resources */ = {isa = PBXBuildFile; fileRef = FF8EA4842B921C5A00DCC65E /* Assets.xcassets */; };
		FF8EA4882B921C5A00DCC65E /* Preview Assets.xcassets in Resources */ = {isa = PBXBuildFile; fileRef = FF8EA4872B921C5A00DCC65E /* Preview Assets.xcassets */; };
		FF8EA4922B921C5A00DCC65E /* joppyTests.swift in Sources */ = {isa = PBXBuildFile; fileRef = FF8EA4912B921C5A00DCC65E /* joppyTests.swift */; };
		FF8EA49C2B921C5A00DCC65E /* joppyUITests.swift in Sources */ = {isa = PBXBuildFile; fileRef = FF8EA49B2B921C5A00DCC65E /* joppyUITests.swift */; };
		FF8EA49E2B921C5A00DCC65E /* joppyUITestsLaunchTests.swift in Sources */ = {isa = PBXBuildFile; fileRef = FF8EA49D2B921C5A00DCC65E /* joppyUITestsLaunchTests.swift */; };
		FF8EA4AB2B9247A400DCC65E /* project.yml in Resources */ = {isa = PBXBuildFile; fileRef = FF8EA4AA2B9247A400DCC65E /* project.yml */; };
		FF8EA4AD2B924A0B00DCC65E /* .gitignore in Resources */ = {isa = PBXBuildFile; fileRef = FF8EA4AC2B924A0B00DCC65E /* .gitignore */; };
		FF8EA4AF2B924A3200DCC65E /* .swiftlint.yml in Resources */ = {isa = PBXBuildFile; fileRef = FF8EA4AE2B924A3200DCC65E /* .swiftlint.yml */; };
		FF8EA4B12B924A5500DCC65E /* .swift-version in Resources */ = {isa = PBXBuildFile; fileRef = FF8EA4B02B924A5500DCC65E /* .swift-version */; };
/* End PBXBuildFile section */

/* Begin PBXContainerItemProxy section */
		FF8EA48E2B921C5A00DCC65E /* PBXContainerItemProxy */ = {
			isa = PBXContainerItemProxy;
			containerPortal = FF8EA4752B921C5800DCC65E /* Project object */;
			proxyType = 1;
			remoteGlobalIDString = FF8EA47C2B921C5800DCC65E;
			remoteInfo = joppy;
		};
		FF8EA4982B921C5A00DCC65E /* PBXContainerItemProxy */ = {
			isa = PBXContainerItemProxy;
			containerPortal = FF8EA4752B921C5800DCC65E /* Project object */;
			proxyType = 1;
			remoteGlobalIDString = FF8EA47C2B921C5800DCC65E;
			remoteInfo = joppy;
		};
/* End PBXContainerItemProxy section */

/* Begin PBXFileReference section */
		FF8EA47D2B921C5800DCC65E /* joppy.app */ = {isa = PBXFileReference; explicitFileType = wrapper.application; includeInIndex = 0; path = joppy.app; sourceTree = BUILT_PRODUCTS_DIR; };
		FF8EA4802B921C5800DCC65E /* joppyApp.swift */ = {isa = PBXFileReference; lastKnownFileType = sourcecode.swift; path = joppyApp.swift; sourceTree = "<group>"; };
		FF8EA4822B921C5800DCC65E /* ContentView.swift */ = {isa = PBXFileReference; lastKnownFileType = sourcecode.swift; path = ContentView.swift; sourceTree = "<group>"; };
		FF8EA4842B921C5A00DCC65E /* Assets.xcassets */ = {isa = PBXFileReference; lastKnownFileType = folder.assetcatalog; path = Assets.xcassets; sourceTree = "<group>"; };
		FF8EA4872B921C5A00DCC65E /* Preview Assets.xcassets */ = {isa = PBXFileReference; lastKnownFileType = folder.assetcatalog; path = "Preview Assets.xcassets"; sourceTree = "<group>"; };
		FF8EA48D2B921C5A00DCC65E /* joppyTests.xctest */ = {isa = PBXFileReference; explicitFileType = wrapper.cfbundle; includeInIndex = 0; path = joppyTests.xctest; sourceTree = BUILT_PRODUCTS_DIR; };
		FF8EA4912B921C5A00DCC65E /* joppyTests.swift */ = {isa = PBXFileReference; lastKnownFileType = sourcecode.swift; path = joppyTests.swift; sourceTree = "<group>"; };
		FF8EA4972B921C5A00DCC65E /* joppyUITests.xctest */ = {isa = PBXFileReference; explicitFileType = wrapper.cfbundle; includeInIndex = 0; path = joppyUITests.xctest; sourceTree = BUILT_PRODUCTS_DIR; };
		FF8EA49B2B921C5A00DCC65E /* joppyUITests.swift */ = {isa = PBXFileReference; lastKnownFileType = sourcecode.swift; path = joppyUITests.swift; sourceTree = "<group>"; };
		FF8EA49D2B921C5A00DCC65E /* joppyUITestsLaunchTests.swift */ = {isa = PBXFileReference; lastKnownFileType = sourcecode.swift; path = joppyUITestsLaunchTests.swift; sourceTree = "<group>"; };
		FF8EA4AA2B9247A400DCC65E /* project.yml */ = {isa = PBXFileReference; lastKnownFileType = text.yaml; path = project.yml; sourceTree = "<group>"; };
		FF8EA4AC2B924A0B00DCC65E /* .gitignore */ = {isa = PBXFileReference; lastKnownFileType = text; path = .gitignore; sourceTree = "<group>"; };
		FF8EA4AE2B924A3200DCC65E /* .swiftlint.yml */ = {isa = PBXFileReference; lastKnownFileType = text.yaml; path = .swiftlint.yml; sourceTree = "<group>"; };
		FF8EA4B02B924A5500DCC65E /* .swift-version */ = {isa = PBXFileReference; lastKnownFileType = text; path = ".swift-version"; sourceTree = "<group>"; };
/* End PBXFileReference section */

/* Begin PBXFrameworksBuildPhase section */
		FF8EA47A2B921C5800DCC65E /* Frameworks */ = {
			isa = PBXFrameworksBuildPhase;
			buildActionMask = 2147483647;
			files = (
			);
			runOnlyForDeploymentPostprocessing = 0;
		};
		FF8EA48A2B921C5A00DCC65E /* Frameworks */ = {
			isa = PBXFrameworksBuildPhase;
			buildActionMask = 2147483647;
			files = (
			);
			runOnlyForDeploymentPostprocessing = 0;
		};
		FF8EA4942B921C5A00DCC65E /* Frameworks */ = {
			isa = PBXFrameworksBuildPhase;
			buildActionMask = 2147483647;
			files = (
			);
			runOnlyForDeploymentPostprocessing = 0;
		};
/* End PBXFrameworksBuildPhase section */

/* Begin PBXGroup section */
		FF8EA4742B921C5800DCC65E = {
			isa = PBXGroup;
			children = (
				FF8EA4B02B924A5500DCC65E /* .swift-version */,
				FF8EA4AC2B924A0B00DCC65E /* .gitignore */,
				FF8EA4AA2B9247A400DCC65E /* project.yml */,
				FF8EA4AE2B924A3200DCC65E /* .swiftlint.yml */,
				FF8EA47F2B921C5800DCC65E /* joppy */,
				FF8EA4902B921C5A00DCC65E /* joppyTests */,
				FF8EA49A2B921C5A00DCC65E /* joppyUITests */,
				FF8EA47E2B921C5800DCC65E /* Products */,
			);
			sourceTree = "<group>";
		};
		FF8EA47E2B921C5800DCC65E /* Products */ = {
			isa = PBXGroup;
			children = (
				FF8EA47D2B921C5800DCC65E /* joppy.app */,
				FF8EA48D2B921C5A00DCC65E /* joppyTests.xctest */,
				FF8EA4972B921C5A00DCC65E /* joppyUITests.xctest */,
			);
			name = Products;
			sourceTree = "<group>";
		};
		FF8EA47F2B921C5800DCC65E /* joppy */ = {
			isa = PBXGroup;
			children = (
				FF8EA4802B921C5800DCC65E /* joppyApp.swift */,
				FF8EA4822B921C5800DCC65E /* ContentView.swift */,
				FF8EA4842B921C5A00DCC65E /* Assets.xcassets */,
				FF8EA4862B921C5A00DCC65E /* Preview Content */,
			);
			path = joppy;
			sourceTree = "<group>";
		};
		FF8EA4862B921C5A00DCC65E /* Preview Content */ = {
			isa = PBXGroup;
			children = (
				FF8EA4872B921C5A00DCC65E /* Preview Assets.xcassets */,
			);
			path = "Preview Content";
			sourceTree = "<group>";
		};
		FF8EA4902B921C5A00DCC65E /* joppyTests */ = {
			isa = PBXGroup;
			children = (
				FF8EA4912B921C5A00DCC65E /* joppyTests.swift */,
			);
			path = joppyTests;
			sourceTree = "<group>";
		};
		FF8EA49A2B921C5A00DCC65E /* joppyUITests */ = {
			isa = PBXGroup;
			children = (
				FF8EA49B2B921C5A00DCC65E /* joppyUITests.swift */,
				FF8EA49D2B921C5A00DCC65E /* joppyUITestsLaunchTests.swift */,
			);
			path = joppyUITests;
			sourceTree = "<group>";
		};
/* End PBXGroup section */

/* Begin PBXNativeTarget section */
		FF8EA47C2B921C5800DCC65E /* joppy */ = {
			isa = PBXNativeTarget;
			buildConfigurationList = FF8EA4A12B921C5A00DCC65E /* Build configuration list for PBXNativeTarget "joppy" */;
			buildPhases = (
				FF8EA4792B921C5800DCC65E /* Sources */,
				FF8EA47A2B921C5800DCC65E /* Frameworks */,
				FF8EA47B2B921C5800DCC65E /* Resources */,
			);
			buildRules = (
			);
			dependencies = (
			);
			name = joppy;
			productName = joppy;
			productReference = FF8EA47D2B921C5800DCC65E /* joppy.app */;
			productType = "com.apple.product-type.application";
		};
		FF8EA48C2B921C5A00DCC65E /* joppyTests */ = {
			isa = PBXNativeTarget;
			buildConfigurationList = FF8EA4A42B921C5A00DCC65E /* Build configuration list for PBXNativeTarget "joppyTests" */;
			buildPhases = (
				FF8EA4892B921C5A00DCC65E /* Sources */,
				FF8EA48A2B921C5A00DCC65E /* Frameworks */,
				FF8EA48B2B921C5A00DCC65E /* Resources */,
			);
			buildRules = (
			);
			dependencies = (
				FF8EA48F2B921C5A00DCC65E /* PBXTargetDependency */,
			);
			name = joppyTests;
			productName = joppyTests;
			productReference = FF8EA48D2B921C5A00DCC65E /* joppyTests.xctest */;
			productType = "com.apple.product-type.bundle.unit-test";
		};
		FF8EA4962B921C5A00DCC65E /* joppyUITests */ = {
			isa = PBXNativeTarget;
			buildConfigurationList = FF8EA4A72B921C5A00DCC65E /* Build configuration list for PBXNativeTarget "joppyUITests" */;
			buildPhases = (
				FF8EA4932B921C5A00DCC65E /* Sources */,
				FF8EA4942B921C5A00DCC65E /* Frameworks */,
				FF8EA4952B921C5A00DCC65E /* Resources */,
			);
			buildRules = (
			);
			dependencies = (
				FF8EA4992B921C5A00DCC65E /* PBXTargetDependency */,
			);
			name = joppyUITests;
			productName = joppyUITests;
			productReference = FF8EA4972B921C5A00DCC65E /* joppyUITests.xctest */;
			productType = "com.apple.product-type.bundle.ui-testing";
		};
/* End PBXNativeTarget section */

/* Begin PBXProject section */
		FF8EA4752B921C5800DCC65E /* Project object */ = {
			isa = PBXProject;
			attributes = {
				BuildIndependentTargetsInParallel = 1;
				LastSwiftUpdateCheck = 1520;
				LastUpgradeCheck = 1520;
				TargetAttributes = {
					FF8EA47C2B921C5800DCC65E = {
						CreatedOnToolsVersion = 15.2;
					};
					FF8EA48C2B921C5A00DCC65E = {
						CreatedOnToolsVersion = 15.2;
						TestTargetID = FF8EA47C2B921C5800DCC65E;
					};
					FF8EA4962B921C5A00DCC65E = {
						CreatedOnToolsVersion = 15.2;
						TestTargetID = FF8EA47C2B921C5800DCC65E;
					};
				};
			};
			buildConfigurationList = FF8EA4782B921C5800DCC65E /* Build configuration list for PBXProject "joppy" */;
			compatibilityVersion = "Xcode 14.0";
			developmentRegion = en;
			hasScannedForEncodings = 0;
			knownRegions = (
				en,
				Base,
			);
			mainGroup = FF8EA4742B921C5800DCC65E;
			productRefGroup = FF8EA47E2B921C5800DCC65E /* Products */;
			projectDirPath = "";
			projectRoot = "";
			targets = (
				FF8EA47C2B921C5800DCC65E /* joppy */,
				FF8EA48C2B921C5A00DCC65E /* joppyTests */,
				FF8EA4962B921C5A00DCC65E /* joppyUITests */,
			);
		};
/* End PBXProject section */

/* Begin PBXResourcesBuildPhase section */
		FF8EA47B2B921C5800DCC65E /* Resources */ = {
			isa = PBXResourcesBuildPhase;
			buildActionMask = 2147483647;
			files = (
				FF8EA4AF2B924A3200DCC65E /* .swiftlint.yml in Resources */,
				FF8EA4AD2B924A0B00DCC65E /* .gitignore in Resources */,
				FF8EA4882B921C5A00DCC65E /* Preview Assets.xcassets in Resources */,
				FF8EA4AB2B9247A400DCC65E /* project.yml in Resources */,
				FF8EA4B12B924A5500DCC65E /* .swift-version in Resources */,
				FF8EA4852B921C5A00DCC65E /* Assets.xcassets in Resources */,
			);
			runOnlyForDeploymentPostprocessing = 0;
		};
		FF8EA48B2B921C5A00DCC65E /* Resources */ = {
			isa = PBXResourcesBuildPhase;
			buildActionMask = 2147483647;
			files = (
			);
			runOnlyForDeploymentPostprocessing = 0;
		};
		FF8EA4952B921C5A00DCC65E /* Resources */ = {
			isa = PBXResourcesBuildPhase;
			buildActionMask = 2147483647;
			files = (
			);
			runOnlyForDeploymentPostprocessing = 0;
		};
/* End PBXResourcesBuildPhase section */

/* Begin PBXSourcesBuildPhase section */
		FF8EA4792B921C5800DCC65E /* Sources */ = {
			isa = PBXSourcesBuildPhase;
			buildActionMask = 2147483647;
			files = (
				FF8EA4832B921C5800DCC65E /* ContentView.swift in Sources */,
				FF8EA4812B921C5800DCC65E /* joppyApp.swift in Sources */,
			);
			runOnlyForDeploymentPostprocessing = 0;
		};
		FF8EA4892B921C5A00DCC65E /* Sources */ = {
			isa = PBXSourcesBuildPhase;
			buildActionMask = 2147483647;
			files = (
				FF8EA4922B921C5A00DCC65E /* joppyTests.swift in Sources */,
			);
			runOnlyForDeploymentPostprocessing = 0;
		};
		FF8EA4932B921C5A00DCC65E /* Sources */ = {
			isa = PBXSourcesBuildPhase;
			buildActionMask = 2147483647;
			files = (
				FF8EA49C2B921C5A00DCC65E /* joppyUITests.swift in Sources */,
				FF8EA49E2B921C5A00DCC65E /* joppyUITestsLaunchTests.swift in Sources */,
			);
			runOnlyForDeploymentPostprocessing = 0;
		};
/* End PBXSourcesBuildPhase section */

/* Begin PBXTargetDependency section */
		FF8EA48F2B921C5A00DCC65E /* PBXTargetDependency */ = {
			isa = PBXTargetDependency;
			target = FF8EA47C2B921C5800DCC65E /* joppy */;
			targetProxy = FF8EA48E2B921C5A00DCC65E /* PBXContainerItemProxy */;
		};
		FF8EA4992B921C5A00DCC65E /* PBXTargetDependency */ = {
			isa = PBXTargetDependency;
			target = FF8EA47C2B921C5800DCC65E /* joppy */;
			targetProxy = FF8EA4982B921C5A00DCC65E /* PBXContainerItemProxy */;
		};
/* End PBXTargetDependency section */

/* Begin XCBuildConfiguration section */
		FF8EA49F2B921C5A00DCC65E /* Debug */ = {
			isa = XCBuildConfiguration;
			buildSettings = {
				ALWAYS_SEARCH_USER_PATHS = NO;
				ASSETCATALOG_COMPILER_GENERATE_SWIFT_ASSET_SYMBOL_EXTENSIONS = YES;
				CLANG_ANALYZER_NONNULL = YES;
				CLANG_ANALYZER_NUMBER_OBJECT_CONVERSION = YES_AGGRESSIVE;
				CLANG_CXX_LANGUAGE_STANDARD = "gnu++20";
				CLANG_ENABLE_MODULES = YES;
				CLANG_ENABLE_OBJC_ARC = YES;
				CLANG_ENABLE_OBJC_WEAK = YES;
				CLANG_WARN_BLOCK_CAPTURE_AUTORELEASING = YES;
				CLANG_WARN_BOOL_CONVERSION = YES;
				CLANG_WARN_COMMA = YES;
				CLANG_WARN_CONSTANT_CONVERSION = YES;
				CLANG_WARN_DEPRECATED_OBJC_IMPLEMENTATIONS = YES;
				CLANG_WARN_DIRECT_OBJC_ISA_USAGE = YES_ERROR;
				CLANG_WARN_DOCUMENTATION_COMMENTS = YES;
				CLANG_WARN_EMPTY_BODY = YES;
				CLANG_WARN_ENUM_CONVERSION = YES;
				CLANG_WARN_INFINITE_RECURSION = YES;
				CLANG_WARN_INT_CONVERSION = YES;
				CLANG_WARN_NON_LITERAL_NULL_CONVERSION = YES;
				CLANG_WARN_OBJC_IMPLICIT_RETAIN_SELF = YES;
				CLANG_WARN_OBJC_LITERAL_CONVERSION = YES;
				CLANG_WARN_OBJC_ROOT_CLASS = YES_ERROR;
				CLANG_WARN_QUOTED_INCLUDE_IN_FRAMEWORK_HEADER = YES;
				CLANG_WARN_RANGE_LOOP_ANALYSIS = YES;
				CLANG_WARN_STRICT_PROTOTYPES = YES;
				CLANG_WARN_SUSPICIOUS_MOVE = YES;
				CLANG_WARN_UNGUARDED_AVAILABILITY = YES_AGGRESSIVE;
				CLANG_WARN_UNREACHABLE_CODE = YES;
				CLANG_WARN__DUPLICATE_METHOD_MATCH = YES;
				COPY_PHASE_STRIP = NO;
				DEBUG_INFORMATION_FORMAT = dwarf;
				ENABLE_STRICT_OBJC_MSGSEND = YES;
				ENABLE_TESTABILITY = YES;
				ENABLE_USER_SCRIPT_SANDBOXING = YES;
				GCC_C_LANGUAGE_STANDARD = gnu17;
				GCC_DYNAMIC_NO_PIC = NO;
				GCC_NO_COMMON_BLOCKS = YES;
				GCC_OPTIMIZATION_LEVEL = 0;
				GCC_PREPROCESSOR_DEFINITIONS = (
					"DEBUG=1",
					"$(inherited)",
				);
				GCC_WARN_64_TO_32_BIT_CONVERSION = YES;
				GCC_WARN_ABOUT_RETURN_TYPE = YES_ERROR;
				GCC_WARN_UNDECLARED_SELECTOR = YES;
				GCC_WARN_UNINITIALIZED_AUTOS = YES_AGGRESSIVE;
				GCC_WARN_UNUSED_FUNCTION = YES;
				GCC_WARN_UNUSED_VARIABLE = YES;
				IPHONEOS_DEPLOYMENT_TARGET = 17.2;
				LOCALIZATION_PREFERS_STRING_CATALOGS = YES;
				MTL_ENABLE_DEBUG_INFO = INCLUDE_SOURCE;
				MTL_FAST_MATH = YES;
				ONLY_ACTIVE_ARCH = YES;
				SDKROOT = iphoneos;
				SWIFT_ACTIVE_COMPILATION_CONDITIONS = "DEBUG $(inherited)";
				SWIFT_OPTIMIZATION_LEVEL = "-Onone";
			};
			name = Debug;
		};
		FF8EA4A02B921C5A00DCC65E /* Release */ = {
			isa = XCBuildConfiguration;
			buildSettings = {
				ALWAYS_SEARCH_USER_PATHS = NO;
				ASSETCATALOG_COMPILER_GENERATE_SWIFT_ASSET_SYMBOL_EXTENSIONS = YES;
				CLANG_ANALYZER_NONNULL = YES;
				CLANG_ANALYZER_NUMBER_OBJECT_CONVERSION = YES_AGGRESSIVE;
				CLANG_CXX_LANGUAGE_STANDARD = "gnu++20";
				CLANG_ENABLE_MODULES = YES;
				CLANG_ENABLE_OBJC_ARC = YES;
				CLANG_ENABLE_OBJC_WEAK = YES;
				CLANG_WARN_BLOCK_CAPTURE_AUTORELEASING = YES;
				CLANG_WARN_BOOL_CONVERSION = YES;
				CLANG_WARN_COMMA = YES;
				CLANG_WARN_CONSTANT_CONVERSION = YES;
				CLANG_WARN_DEPRECATED_OBJC_IMPLEMENTATIONS = YES;
				CLANG_WARN_DIRECT_OBJC_ISA_USAGE = YES_ERROR;
				CLANG_WARN_DOCUMENTATION_COMMENTS = YES;
				CLANG_WARN_EMPTY_BODY = YES;
				CLANG_WARN_ENUM_CONVERSION = YES;
				CLANG_WARN_INFINITE_RECURSION = YES;
				CLANG_WARN_INT_CONVERSION = YES;
				CLANG_WARN_NON_LITERAL_NULL_CONVERSION = YES;
				CLANG_WARN_OBJC_IMPLICIT_RETAIN_SELF = YES;
				CLANG_WARN_OBJC_LITERAL_CONVERSION = YES;
				CLANG_WARN_OBJC_ROOT_CLASS = YES_ERROR;
				CLANG_WARN_QUOTED_INCLUDE_IN_FRAMEWORK_HEADER = YES;
				CLANG_WARN_RANGE_LOOP_ANALYSIS = YES;
				CLANG_WARN_STRICT_PROTOTYPES = YES;
				CLANG_WARN_SUSPICIOUS_MOVE = YES;
				CLANG_WARN_UNGUARDED_AVAILABILITY = YES_AGGRESSIVE;
				CLANG_WARN_UNREACHABLE_CODE = YES;
				CLANG_WARN__DUPLICATE_METHOD_MATCH = YES;
				COPY_PHASE_STRIP = NO;
				DEBUG_INFORMATION_FORMAT = "dwarf-with-dsym";
				ENABLE_NS_ASSERTIONS = NO;
				ENABLE_STRICT_OBJC_MSGSEND = YES;
				ENABLE_USER_SCRIPT_SANDBOXING = YES;
				GCC_C_LANGUAGE_STANDARD = gnu17;
				GCC_NO_COMMON_BLOCKS = YES;
				GCC_WARN_64_TO_32_BIT_CONVERSION = YES;
				GCC_WARN_ABOUT_RETURN_TYPE = YES_ERROR;
				GCC_WARN_UNDECLARED_SELECTOR = YES;
				GCC_WARN_UNINITIALIZED_AUTOS = YES_AGGRESSIVE;
				GCC_WARN_UNUSED_FUNCTION = YES;
				GCC_WARN_UNUSED_VARIABLE = YES;
				IPHONEOS_DEPLOYMENT_TARGET = 17.2;
				LOCALIZATION_PREFERS_STRING_CATALOGS = YES;
				MTL_ENABLE_DEBUG_INFO = NO;
				MTL_FAST_MATH = YES;
				SDKROOT = iphoneos;
				SWIFT_COMPILATION_MODE = wholemodule;
				VALIDATE_PRODUCT = YES;
			};
			name = Release;
		};
		FF8EA4A22B921C5A00DCC65E /* Debug */ = {
			isa = XCBuildConfiguration;
			buildSettings = {
				ASSETCATALOG_COMPILER_APPICON_NAME = AppIcon;
				ASSETCATALOG_COMPILER_GLOBAL_ACCENT_COLOR_NAME = AccentColor;
				CODE_SIGN_STYLE = Automatic;
				CURRENT_PROJECT_VERSION = 1;
				DEVELOPMENT_ASSET_PATHS = "\"joppy/Preview Content\"";
				DEVELOPMENT_TEAM = 37BC8RS2XN;
				ENABLE_PREVIEWS = YES;
				GENERATE_INFOPLIST_FILE = YES;
				INFOPLIST_KEY_UIApplicationSceneManifest_Generation = YES;
				INFOPLIST_KEY_UIApplicationSupportsIndirectInputEvents = YES;
				INFOPLIST_KEY_UILaunchScreen_Generation = YES;
				INFOPLIST_KEY_UISupportedInterfaceOrientations_iPad = "UIInterfaceOrientationPortrait UIInterfaceOrientationPortraitUpsideDown UIInterfaceOrientationLandscapeLeft UIInterfaceOrientationLandscapeRight";
				INFOPLIST_KEY_UISupportedInterfaceOrientations_iPhone = "UIInterfaceOrientationPortrait UIInterfaceOrientationLandscapeLeft UIInterfaceOrientationLandscapeRight";
				LD_RUNPATH_SEARCH_PATHS = (
					"$(inherited)",
					"@executable_path/Frameworks",
				);
				MARKETING_VERSION = 1.0;
				PRODUCT_BUNDLE_IDENTIFIER = Chanchrons.joppy;
				PRODUCT_NAME = "$(TARGET_NAME)";
				SWIFT_EMIT_LOC_STRINGS = YES;
				SWIFT_VERSION = 5.0;
				TARGETED_DEVICE_FAMILY = "1,2";
			};
			name = Debug;
		};
		FF8EA4A32B921C5A00DCC65E /* Release */ = {
			isa = XCBuildConfiguration;
			buildSettings = {
				ASSETCATALOG_COMPILER_APPICON_NAME = AppIcon;
				ASSETCATALOG_COMPILER_GLOBAL_ACCENT_COLOR_NAME = AccentColor;
				CODE_SIGN_STYLE = Automatic;
				CURRENT_PROJECT_VERSION = 1;
				DEVELOPMENT_ASSET_PATHS = "\"joppy/Preview Content\"";
				DEVELOPMENT_TEAM = 37BC8RS2XN;
				ENABLE_PREVIEWS = YES;
				GENERATE_INFOPLIST_FILE = YES;
				INFOPLIST_KEY_UIApplicationSceneManifest_Generation = YES;
				INFOPLIST_KEY_UIApplicationSupportsIndirectInputEvents = YES;
				INFOPLIST_KEY_UILaunchScreen_Generation = YES;
				INFOPLIST_KEY_UISupportedInterfaceOrientations_iPad = "UIInterfaceOrientationPortrait UIInterfaceOrientationPortraitUpsideDown UIInterfaceOrientationLandscapeLeft UIInterfaceOrientationLandscapeRight";
				INFOPLIST_KEY_UISupportedInterfaceOrientations_iPhone = "UIInterfaceOrientationPortrait UIInterfaceOrientationLandscapeLeft UIInterfaceOrientationLandscapeRight";
				LD_RUNPATH_SEARCH_PATHS = (
					"$(inherited)",
					"@executable_path/Frameworks",
				);
				MARKETING_VERSION = 1.0;
				PRODUCT_BUNDLE_IDENTIFIER = Chanchrons.joppy;
				PRODUCT_NAME = "$(TARGET_NAME)";
				SWIFT_EMIT_LOC_STRINGS = YES;
				SWIFT_VERSION = 5.0;
				TARGETED_DEVICE_FAMILY = "1,2";
			};
			name = Release;
		};
		FF8EA4A52B921C5A00DCC65E /* Debug */ = {
			isa = XCBuildConfiguration;
			buildSettings = {
				ALWAYS_EMBED_SWIFT_STANDARD_LIBRARIES = YES;
				BUNDLE_LOADER = "$(TEST_HOST)";
				CODE_SIGN_STYLE = Automatic;
				CURRENT_PROJECT_VERSION = 1;
				DEVELOPMENT_TEAM = 37BC8RS2XN;
				GENERATE_INFOPLIST_FILE = YES;
				IPHONEOS_DEPLOYMENT_TARGET = 17.2;
				MARKETING_VERSION = 1.0;
				PRODUCT_BUNDLE_IDENTIFIER = Chanchrons.joppyTests;
				PRODUCT_NAME = "$(TARGET_NAME)";
				SWIFT_EMIT_LOC_STRINGS = NO;
				SWIFT_VERSION = 5.0;
				TARGETED_DEVICE_FAMILY = "1,2";
				TEST_HOST = "$(BUILT_PRODUCTS_DIR)/joppy.app/$(BUNDLE_EXECUTABLE_FOLDER_PATH)/joppy";
			};
			name = Debug;
		};
		FF8EA4A62B921C5A00DCC65E /* Release */ = {
			isa = XCBuildConfiguration;
			buildSettings = {
				ALWAYS_EMBED_SWIFT_STANDARD_LIBRARIES = YES;
				BUNDLE_LOADER = "$(TEST_HOST)";
				CODE_SIGN_STYLE = Automatic;
				CURRENT_PROJECT_VERSION = 1;
				DEVELOPMENT_TEAM = 37BC8RS2XN;
				GENERATE_INFOPLIST_FILE = YES;
				IPHONEOS_DEPLOYMENT_TARGET = 17.2;
				MARKETING_VERSION = 1.0;
				PRODUCT_BUNDLE_IDENTIFIER = Chanchrons.joppyTests;
				PRODUCT_NAME = "$(TARGET_NAME)";
				SWIFT_EMIT_LOC_STRINGS = NO;
				SWIFT_VERSION = 5.0;
				TARGETED_DEVICE_FAMILY = "1,2";
				TEST_HOST = "$(BUILT_PRODUCTS_DIR)/joppy.app/$(BUNDLE_EXECUTABLE_FOLDER_PATH)/joppy";
			};
			name = Release;
		};
		FF8EA4A82B921C5A00DCC65E /* Debug */ = {
			isa = XCBuildConfiguration;
			buildSettings = {
				ALWAYS_EMBED_SWIFT_STANDARD_LIBRARIES = YES;
				CODE_SIGN_STYLE = Automatic;
				CURRENT_PROJECT_VERSION = 1;
				DEVELOPMENT_TEAM = 37BC8RS2XN;
				GENERATE_INFOPLIST_FILE = YES;
				MARKETING_VERSION = 1.0;
				PRODUCT_BUNDLE_IDENTIFIER = Chanchrons.joppyUITests;
				PRODUCT_NAME = "$(TARGET_NAME)";
				SWIFT_EMIT_LOC_STRINGS = NO;
				SWIFT_VERSION = 5.0;
				TARGETED_DEVICE_FAMILY = "1,2";
				TEST_TARGET_NAME = joppy;
			};
			name = Debug;
		};
		FF8EA4A92B921C5A00DCC65E /* Release */ = {
			isa = XCBuildConfiguration;
			buildSettings = {
				ALWAYS_EMBED_SWIFT_STANDARD_LIBRARIES = YES;
				CODE_SIGN_STYLE = Automatic;
				CURRENT_PROJECT_VERSION = 1;
				DEVELOPMENT_TEAM = 37BC8RS2XN;
				GENERATE_INFOPLIST_FILE = YES;
				MARKETING_VERSION = 1.0;
				PRODUCT_BUNDLE_IDENTIFIER = Chanchrons.joppyUITests;
				PRODUCT_NAME = "$(TARGET_NAME)";
				SWIFT_EMIT_LOC_STRINGS = NO;
				SWIFT_VERSION = 5.0;
				TARGETED_DEVICE_FAMILY = "1,2";
				TEST_TARGET_NAME = joppy;
			};
			name = Release;
		};
/* End XCBuildConfiguration section */

/* Begin XCConfigurationList section */
		FF8EA4782B921C5800DCC65E /* Build configuration list for PBXProject "joppy" */ = {
			isa = XCConfigurationList;
			buildConfigurations = (
				FF8EA49F2B921C5A00DCC65E /* Debug */,
				FF8EA4A02B921C5A00DCC65E /* Release */,
			);
			defaultConfigurationIsVisible = 0;
			defaultConfigurationName = Release;
		};
		FF8EA4A12B921C5A00DCC65E /* Build configuration list for PBXNativeTarget "joppy" */ = {
			isa = XCConfigurationList;
			buildConfigurations = (
				FF8EA4A22B921C5A00DCC65E /* Debug */,
				FF8EA4A32B921C5A00DCC65E /* Release */,
			);
			defaultConfigurationIsVisible = 0;
			defaultConfigurationName = Release;
		};
		FF8EA4A42B921C5A00DCC65E /* Build configuration list for PBXNativeTarget "joppyTests" */ = {
			isa = XCConfigurationList;
			buildConfigurations = (
				FF8EA4A52B921C5A00DCC65E /* Debug */,
				FF8EA4A62B921C5A00DCC65E /* Release */,
			);
			defaultConfigurationIsVisible = 0;
			defaultConfigurationName = Release;
		};
		FF8EA4A72B921C5A00DCC65E /* Build configuration list for PBXNativeTarget "joppyUITests" */ = {
			isa = XCConfigurationList;
			buildConfigurations = (
				FF8EA4A82B921C5A00DCC65E /* Debug */,
				FF8EA4A92B921C5A00DCC65E /* Release */,
			);
			defaultConfigurationIsVisible = 0;
			defaultConfigurationName = Release;
		};
/* End XCConfigurationList section */
	};
	rootObject = FF8EA4752B921C5800DCC65E /* Project object */;
}
